// !$*UTF8*$!
{
	archiveVersion = 1;
	classes = {
	};
	objectVersion = 46;
	objects = {

/* Begin PBXBuildFile section */
		451C1B391A63D34E007F75D5 /* liveIcon.png in Resources */ = {isa = PBXBuildFile; fileRef = 451C1B371A63D34E007F75D5 /* liveIcon.png */; };
		451C1B3A1A63D34E007F75D5 /* liveIcon@2x.png in Resources */ = {isa = PBXBuildFile; fileRef = 451C1B381A63D34E007F75D5 /* liveIcon@2x.png */; };
		451C1B3D1A642AB0007F75D5 /* PPRSwipeTableViewCell.m in Sources */ = {isa = PBXBuildFile; fileRef = 451C1B3C1A642AB0007F75D5 /* PPRSwipeTableViewCell.m */; };
		451C1B481A642E9D007F75D5 /* NSMutableArray+SWUtilityButtons.m in Sources */ = {isa = PBXBuildFile; fileRef = 451C1B3F1A642E9D007F75D5 /* NSMutableArray+SWUtilityButtons.m */; };
		451C1B491A642E9D007F75D5 /* SWCellScrollView.m in Sources */ = {isa = PBXBuildFile; fileRef = 451C1B411A642E9D007F75D5 /* SWCellScrollView.m */; };
		451C1B4A1A642E9D007F75D5 /* SWLongPressGestureRecognizer.m in Sources */ = {isa = PBXBuildFile; fileRef = 451C1B431A642E9D007F75D5 /* SWLongPressGestureRecognizer.m */; };
		451C1B4B1A642E9D007F75D5 /* SWUtilityButtonTapGestureRecognizer.m in Sources */ = {isa = PBXBuildFile; fileRef = 451C1B451A642E9D007F75D5 /* SWUtilityButtonTapGestureRecognizer.m */; };
		451C1B4C1A642E9D007F75D5 /* SWUtilityButtonView.m in Sources */ = {isa = PBXBuildFile; fileRef = 451C1B471A642E9D007F75D5 /* SWUtilityButtonView.m */; };
		451C1B521A647D73007F75D5 /* facebook@2x.png in Resources */ = {isa = PBXBuildFile; fileRef = 451C1B4E1A647D73007F75D5 /* facebook@2x.png */; };
		451C1B531A647D73007F75D5 /* twitter@2x.png in Resources */ = {isa = PBXBuildFile; fileRef = 451C1B4F1A647D73007F75D5 /* twitter@2x.png */; };
		451C1B541A647D73007F75D5 /* message@2x.png in Resources */ = {isa = PBXBuildFile; fileRef = 451C1B501A647D73007F75D5 /* message@2x.png */; };
		451C1B551A647D73007F75D5 /* like@2x.png in Resources */ = {isa = PBXBuildFile; fileRef = 451C1B511A647D73007F75D5 /* like@2x.png */; };
		451C1D391A651495007F75D5 /* Bolts.framework in Frameworks */ = {isa = PBXBuildFile; fileRef = 451C1D361A651495007F75D5 /* Bolts.framework */; };
		451C1D3A1A651495007F75D5 /* FacebookSDK.framework in Frameworks */ = {isa = PBXBuildFile; fileRef = 451C1D371A651495007F75D5 /* FacebookSDK.framework */; };
		451C1D3B1A651495007F75D5 /* FBAudienceNetwork.framework in Frameworks */ = {isa = PBXBuildFile; fileRef = 451C1D381A651495007F75D5 /* FBAudienceNetwork.framework */; };
		451C1D421A651E63007F75D5 /* Icon-Small.png in Resources */ = {isa = PBXBuildFile; fileRef = 451C1D401A651E63007F75D5 /* Icon-Small.png */; };
		451C1D431A651E63007F75D5 /* Icon-Small@2x.png in Resources */ = {isa = PBXBuildFile; fileRef = 451C1D411A651E63007F75D5 /* Icon-Small@2x.png */; };
		451C1D461A651F9A007F75D5 /* Icon-Spotlight.png in Resources */ = {isa = PBXBuildFile; fileRef = 451C1D441A651F9A007F75D5 /* Icon-Spotlight.png */; };
		451C1D471A651F9A007F75D5 /* Icon-Spotlight@2x.png in Resources */ = {isa = PBXBuildFile; fileRef = 451C1D451A651F9A007F75D5 /* Icon-Spotlight@2x.png */; };
		451C1D4A1A65264E007F75D5 /* Icon.png in Resources */ = {isa = PBXBuildFile; fileRef = 451C1D481A65264E007F75D5 /* Icon.png */; };
		451C1D4B1A65264E007F75D5 /* Icon@2x.png in Resources */ = {isa = PBXBuildFile; fileRef = 451C1D491A65264E007F75D5 /* Icon@2x.png */; };
		451C1D4E1A6527BD007F75D5 /* Reachability.m in Sources */ = {isa = PBXBuildFile; fileRef = 451C1D4D1A6527BD007F75D5 /* Reachability.m */; };
		451C1D511A6546A4007F75D5 /* trackhistory.png in Resources */ = {isa = PBXBuildFile; fileRef = 451C1D4F1A6546A4007F75D5 /* trackhistory.png */; };
		451C1D521A6546A4007F75D5 /* trackhistory@2x.png in Resources */ = {isa = PBXBuildFile; fileRef = 451C1D501A6546A4007F75D5 /* trackhistory@2x.png */; };
		451C1D571A655817007F75D5 /* Social.framework in Frameworks */ = {isa = PBXBuildFile; fileRef = 451C1D561A655817007F75D5 /* Social.framework */; };
		4567149B1A516CB900890C1E /* pauseBtn.png in Resources */ = {isa = PBXBuildFile; fileRef = 456714971A516CB900890C1E /* pauseBtn.png */; };
		4567149C1A516CB900890C1E /* pauseBtn@2x.png in Resources */ = {isa = PBXBuildFile; fileRef = 456714981A516CB900890C1E /* pauseBtn@2x.png */; };
		4567149D1A516CB900890C1E /* playBtn.png in Resources */ = {isa = PBXBuildFile; fileRef = 456714991A516CB900890C1E /* playBtn.png */; };
		4567149E1A516CB900890C1E /* playBtn@2x.png in Resources */ = {isa = PBXBuildFile; fileRef = 4567149A1A516CB900890C1E /* playBtn@2x.png */; };
		456714A51A51935E00890C1E /* 966logo.png in Resources */ = {isa = PBXBuildFile; fileRef = 456714A31A51935E00890C1E /* 966logo.png */; };
		456714A61A51935E00890C1E /* 966logo@2x.png in Resources */ = {isa = PBXBuildFile; fileRef = 456714A41A51935E00890C1E /* 966logo@2x.png */; };
		456714A81A51966800890C1E /* microphone.png in Resources */ = {isa = PBXBuildFile; fileRef = 456714A71A51966800890C1E /* microphone.png */; };
		456714AB1A519DDF00890C1E /* PPRTrackInfo.m in Sources */ = {isa = PBXBuildFile; fileRef = 456714AA1A519DDF00890C1E /* PPRTrackInfo.m */; };
		456714AD1A52BA7600890C1E /* pepperFlowerApps.png in Resources */ = {isa = PBXBuildFile; fileRef = 456714AC1A52BA7600890C1E /* pepperFlowerApps.png */; };
		456714AF1A52BC8700890C1E /* mainBackgrnd.png in Resources */ = {isa = PBXBuildFile; fileRef = 456714AE1A52BC8700890C1E /* mainBackgrnd.png */; };
		456714B11A52BD0000890C1E /* pepperFlower.png in Resources */ = {isa = PBXBuildFile; fileRef = 456714B01A52BD0000890C1E /* pepperFlower.png */; };
		458DE6A41A55FBB400280C93 /* example1.png in Resources */ = {isa = PBXBuildFile; fileRef = 458DE6A21A55FBB400280C93 /* example1.png */; };
		458DE6A51A55FBB400280C93 /* example2.png in Resources */ = {isa = PBXBuildFile; fileRef = 458DE6A31A55FBB400280C93 /* example2.png */; };
		45A0DA3B1A66A371000B45E9 /* Pepper966.xcdatamodeld in Sources */ = {isa = PBXBuildFile; fileRef = 45A0DA391A66A371000B45E9 /* Pepper966.xcdatamodeld */; };
		45A0DA3E1A66A403000B45E9 /* Favorites.m in Sources */ = {isa = PBXBuildFile; fileRef = 45A0DA3D1A66A403000B45E9 /* Favorites.m */; };
		45A0DA401A66A446000B45E9 /* CoreData.framework in Frameworks */ = {isa = PBXBuildFile; fileRef = 45A0DA3F1A66A446000B45E9 /* CoreData.framework */; };
		45A0DA431A66A69D000B45E9 /* FavoritesStore.m in Sources */ = {isa = PBXBuildFile; fileRef = 45A0DA421A66A69D000B45E9 /* FavoritesStore.m */; };
		45A0DA461A66B059000B45E9 /* PPRFavoritesTableViewController.m in Sources */ = {isa = PBXBuildFile; fileRef = 45A0DA451A66B059000B45E9 /* PPRFavoritesTableViewController.m */; };
		45A0DA4A1A66B165000B45E9 /* PPRFavoritesViewCell.m in Sources */ = {isa = PBXBuildFile; fileRef = 45A0DA481A66B165000B45E9 /* PPRFavoritesViewCell.m */; };
		45A0DA4B1A66B165000B45E9 /* PPRFavoritesViewCell.xib in Resources */ = {isa = PBXBuildFile; fileRef = 45A0DA491A66B165000B45E9 /* PPRFavoritesViewCell.xib */; };
		45A0DA4D1A66B4D3000B45E9 /* backgroundFavoriteCell.png in Resources */ = {isa = PBXBuildFile; fileRef = 45A0DA4C1A66B4D3000B45E9 /* backgroundFavoriteCell.png */; };
		45C64EC31A4977AE000A55A6 /* main.m in Sources */ = {isa = PBXBuildFile; fileRef = 45C64EC21A4977AE000A55A6 /* main.m */; };
		45C64EC61A4977AE000A55A6 /* AppDelegate.m in Sources */ = {isa = PBXBuildFile; fileRef = 45C64EC51A4977AE000A55A6 /* AppDelegate.m */; };
		45C64EC91A4977AE000A55A6 /* PPRLiveViewController.m in Sources */ = {isa = PBXBuildFile; fileRef = 45C64EC81A4977AE000A55A6 /* PPRLiveViewController.m */; };
		45C64ECC1A4977AE000A55A6 /* SecondViewController.m in Sources */ = {isa = PBXBuildFile; fileRef = 45C64ECB1A4977AE000A55A6 /* SecondViewController.m */; };
		45C64ECF1A4977AE000A55A6 /* Main.storyboard in Resources */ = {isa = PBXBuildFile; fileRef = 45C64ECD1A4977AE000A55A6 /* Main.storyboard */; };
		45C64ED11A4977AF000A55A6 /* Images.xcassets in Resources */ = {isa = PBXBuildFile; fileRef = 45C64ED01A4977AF000A55A6 /* Images.xcassets */; };
		45C64ED41A4977AF000A55A6 /* LaunchScreen.xib in Resources */ = {isa = PBXBuildFile; fileRef = 45C64ED21A4977AF000A55A6 /* LaunchScreen.xib */; };
		45C64EE01A4977AF000A55A6 /* Pepper966Tests.m in Sources */ = {isa = PBXBuildFile; fileRef = 45C64EDF1A4977AF000A55A6 /* Pepper966Tests.m */; };
		45C64EEA1A4978B5000A55A6 /* AVFoundation.framework in Frameworks */ = {isa = PBXBuildFile; fileRef = 45C64EE91A4978B5000A55A6 /* AVFoundation.framework */; };
		45C64EEC1A4978BD000A55A6 /* CoreAudio.framework in Frameworks */ = {isa = PBXBuildFile; fileRef = 45C64EEB1A4978BD000A55A6 /* CoreAudio.framework */; };
		45C64F131A49AB10000A55A6 /* AFHTTPRequestOperation.m in Sources */ = {isa = PBXBuildFile; fileRef = 45C64EEF1A49AB10000A55A6 /* AFHTTPRequestOperation.m */; };
		45C64F141A49AB10000A55A6 /* AFHTTPRequestOperationManager.m in Sources */ = {isa = PBXBuildFile; fileRef = 45C64EF11A49AB10000A55A6 /* AFHTTPRequestOperationManager.m */; };
		45C64F151A49AB10000A55A6 /* AFHTTPSessionManager.m in Sources */ = {isa = PBXBuildFile; fileRef = 45C64EF31A49AB10000A55A6 /* AFHTTPSessionManager.m */; };
		45C64F161A49AB10000A55A6 /* AFNetworkReachabilityManager.m in Sources */ = {isa = PBXBuildFile; fileRef = 45C64EF61A49AB10000A55A6 /* AFNetworkReachabilityManager.m */; };
		45C64F171A49AB10000A55A6 /* AFSecurityPolicy.m in Sources */ = {isa = PBXBuildFile; fileRef = 45C64EF81A49AB10000A55A6 /* AFSecurityPolicy.m */; };
		45C64F181A49AB10000A55A6 /* AFURLConnectionOperation.m in Sources */ = {isa = PBXBuildFile; fileRef = 45C64EFA1A49AB10000A55A6 /* AFURLConnectionOperation.m */; };
		45C64F191A49AB10000A55A6 /* AFURLRequestSerialization.m in Sources */ = {isa = PBXBuildFile; fileRef = 45C64EFC1A49AB10000A55A6 /* AFURLRequestSerialization.m */; };
		45C64F1A1A49AB10000A55A6 /* AFURLResponseSerialization.m in Sources */ = {isa = PBXBuildFile; fileRef = 45C64EFE1A49AB10000A55A6 /* AFURLResponseSerialization.m */; };
		45C64F1B1A49AB10000A55A6 /* AFURLSessionManager.m in Sources */ = {isa = PBXBuildFile; fileRef = 45C64F001A49AB10000A55A6 /* AFURLSessionManager.m */; };
		45C64F1C1A49AB10000A55A6 /* AFNetworkActivityIndicatorManager.m in Sources */ = {isa = PBXBuildFile; fileRef = 45C64F031A49AB10000A55A6 /* AFNetworkActivityIndicatorManager.m */; };
		45C64F1D1A49AB10000A55A6 /* UIActivityIndicatorView+AFNetworking.m in Sources */ = {isa = PBXBuildFile; fileRef = 45C64F051A49AB10000A55A6 /* UIActivityIndicatorView+AFNetworking.m */; };
		45C64F1E1A49AB10000A55A6 /* UIAlertView+AFNetworking.m in Sources */ = {isa = PBXBuildFile; fileRef = 45C64F071A49AB10000A55A6 /* UIAlertView+AFNetworking.m */; };
		45C64F1F1A49AB10000A55A6 /* UIButton+AFNetworking.m in Sources */ = {isa = PBXBuildFile; fileRef = 45C64F091A49AB10000A55A6 /* UIButton+AFNetworking.m */; };
		45C64F201A49AB10000A55A6 /* UIImageView+AFNetworking.m in Sources */ = {isa = PBXBuildFile; fileRef = 45C64F0B1A49AB10000A55A6 /* UIImageView+AFNetworking.m */; };
		45C64F211A49AB10000A55A6 /* UIProgressView+AFNetworking.m in Sources */ = {isa = PBXBuildFile; fileRef = 45C64F0E1A49AB10000A55A6 /* UIProgressView+AFNetworking.m */; };
		45C64F221A49AB10000A55A6 /* UIRefreshControl+AFNetworking.m in Sources */ = {isa = PBXBuildFile; fileRef = 45C64F101A49AB10000A55A6 /* UIRefreshControl+AFNetworking.m */; };
		45C64F231A49AB10000A55A6 /* UIWebView+AFNetworking.m in Sources */ = {isa = PBXBuildFile; fileRef = 45C64F121A49AB10000A55A6 /* UIWebView+AFNetworking.m */; };
		45C64F2A1A49FC71000A55A6 /* PPRProducer.m in Sources */ = {isa = PBXBuildFile; fileRef = 45C64F291A49FC71000A55A6 /* PPRProducer.m */; };
		45C64F2E1A4A05D8000A55A6 /* profileCV.jpeg in Resources */ = {isa = PBXBuildFile; fileRef = 45C64F2D1A4A05D8000A55A6 /* profileCV.jpeg */; };
		45C64F311A4A0D57000A55A6 /* TFHpple.m in Sources */ = {isa = PBXBuildFile; fileRef = 45C64F301A4A0D57000A55A6 /* TFHpple.m */; };
		45C64F341A4A1096000A55A6 /* TFHppleElement.m in Sources */ = {isa = PBXBuildFile; fileRef = 45C64F331A4A1096000A55A6 /* TFHppleElement.m */; };
		45C64F371A4A1114000A55A6 /* PPRPepperer.m in Sources */ = {isa = PBXBuildFile; fileRef = 45C64F361A4A1114000A55A6 /* PPRPepperer.m */; };
		45C64F3A1A4A1217000A55A6 /* XPathQuery.m in Sources */ = {isa = PBXBuildFile; fileRef = 45C64F391A4A1217000A55A6 /* XPathQuery.m */; };
		45C64F3F1A4A128C000A55A6 /* CoreGraphics.framework in Frameworks */ = {isa = PBXBuildFile; fileRef = 45C64F3E1A4A128C000A55A6 /* CoreGraphics.framework */; };
		45C64F411A4A12B8000A55A6 /* UIKit.framework in Frameworks */ = {isa = PBXBuildFile; fileRef = 45C64F401A4A12B8000A55A6 /* UIKit.framework */; };
		45C64F451A4A167C000A55A6 /* Foundation.framework in Frameworks */ = {isa = PBXBuildFile; fileRef = 45C64F441A4A167C000A55A6 /* Foundation.framework */; };
		45C64F4A1A4A1944000A55A6 /* libxml2.dylib in Frameworks */ = {isa = PBXBuildFile; fileRef = 45C64F491A4A1944000A55A6 /* libxml2.dylib */; };
		45CF6A7B1A5E922300C06015 /* liveBadge.png in Resources */ = {isa = PBXBuildFile; fileRef = 45CF6A791A5E922300C06015 /* liveBadge.png */; };
		45CF6A7C1A5E922300C06015 /* liveBadge@2x.png in Resources */ = {isa = PBXBuildFile; fileRef = 45CF6A7A1A5E922300C06015 /* liveBadge@2x.png */; };
		45CF6A7E1A5E952B00C06015 /* tabBarBcgrnd.png in Resources */ = {isa = PBXBuildFile; fileRef = 45CF6A7D1A5E952B00C06015 /* tabBarBcgrnd.png */; };
		45CF6A821A5E993E00C06015 /* selectedTab.png in Resources */ = {isa = PBXBuildFile; fileRef = 45CF6A811A5E993E00C06015 /* selectedTab.png */; };
		45CF6A861A5E9E0700C06015 /* exaaaaa.png in Resources */ = {isa = PBXBuildFile; fileRef = 45CF6A851A5E9E0700C06015 /* exaaaaa.png */; };
		45CF6A881A5E9F8700C06015 /* backgroundTab.png in Resources */ = {isa = PBXBuildFile; fileRef = 45CF6A871A5E9F8700C06015 /* backgroundTab.png */; };
		45CF6A8C1A5EA24C00C06015 /* scheduleBadge.png in Resources */ = {isa = PBXBuildFile; fileRef = 45CF6A8B1A5EA24C00C06015 /* scheduleBadge.png */; };
		45CF6A961A5EAA1500C06015 /* liveAbove.png in Resources */ = {isa = PBXBuildFile; fileRef = 45CF6A951A5EAA1500C06015 /* liveAbove.png */; };
		45CF6A9D1A5EC39B00C06015 /* PPRMainController.m in Sources */ = {isa = PBXBuildFile; fileRef = 45CF6A9C1A5EC39B00C06015 /* PPRMainController.m */; };
		45CF6AA41A5EF83000C06015 /* PPRTracklistTableViewController.m in Sources */ = {isa = PBXBuildFile; fileRef = 45CF6AA31A5EF83000C06015 /* PPRTracklistTableViewController.m */; };
		45CF6AA91A5EF8DC00C06015 /* PPRTrackViewCell.m in Sources */ = {isa = PBXBuildFile; fileRef = 45CF6AA71A5EF8DC00C06015 /* PPRTrackViewCell.m */; };
		45CF6AAA1A5EF8DC00C06015 /* PPRTrackViewCell.xib in Resources */ = {isa = PBXBuildFile; fileRef = 45CF6AA81A5EF8DC00C06015 /* PPRTrackViewCell.xib */; };
		45CF6AAD1A5EFDF400C06015 /* PPRTracklistParser.m in Sources */ = {isa = PBXBuildFile; fileRef = 45CF6AAC1A5EFDF400C06015 /* PPRTracklistParser.m */; };
/* End PBXBuildFile section */

/* Begin PBXContainerItemProxy section */
		45C64EDA1A4977AF000A55A6 /* PBXContainerItemProxy */ = {
			isa = PBXContainerItemProxy;
			containerPortal = 45C64EB51A4977AE000A55A6 /* Project object */;
			proxyType = 1;
			remoteGlobalIDString = 45C64EBC1A4977AE000A55A6;
			remoteInfo = Pepper966;
		};
/* End PBXContainerItemProxy section */

/* Begin PBXFileReference section */
		451C1B371A63D34E007F75D5 /* liveIcon.png */ = {isa = PBXFileReference; lastKnownFileType = image.png; path = liveIcon.png; sourceTree = "<group>"; };
		451C1B381A63D34E007F75D5 /* liveIcon@2x.png */ = {isa = PBXFileReference; lastKnownFileType = image.png; path = "liveIcon@2x.png"; sourceTree = "<group>"; };
		451C1B3B1A642AB0007F75D5 /* PPRSwipeTableViewCell.h */ = {isa = PBXFileReference; fileEncoding = 4; lastKnownFileType = sourcecode.c.h; path = PPRSwipeTableViewCell.h; sourceTree = "<group>"; };
		451C1B3C1A642AB0007F75D5 /* PPRSwipeTableViewCell.m */ = {isa = PBXFileReference; fileEncoding = 4; lastKnownFileType = sourcecode.c.objc; path = PPRSwipeTableViewCell.m; sourceTree = "<group>"; };
		451C1B3E1A642E9D007F75D5 /* NSMutableArray+SWUtilityButtons.h */ = {isa = PBXFileReference; fileEncoding = 4; lastKnownFileType = sourcecode.c.h; path = "NSMutableArray+SWUtilityButtons.h"; sourceTree = "<group>"; };
		451C1B3F1A642E9D007F75D5 /* NSMutableArray+SWUtilityButtons.m */ = {isa = PBXFileReference; fileEncoding = 4; lastKnownFileType = sourcecode.c.objc; path = "NSMutableArray+SWUtilityButtons.m"; sourceTree = "<group>"; };
		451C1B401A642E9D007F75D5 /* SWCellScrollView.h */ = {isa = PBXFileReference; fileEncoding = 4; lastKnownFileType = sourcecode.c.h; path = SWCellScrollView.h; sourceTree = "<group>"; };
		451C1B411A642E9D007F75D5 /* SWCellScrollView.m */ = {isa = PBXFileReference; fileEncoding = 4; lastKnownFileType = sourcecode.c.objc; path = SWCellScrollView.m; sourceTree = "<group>"; };
		451C1B421A642E9D007F75D5 /* SWLongPressGestureRecognizer.h */ = {isa = PBXFileReference; fileEncoding = 4; lastKnownFileType = sourcecode.c.h; path = SWLongPressGestureRecognizer.h; sourceTree = "<group>"; };
		451C1B431A642E9D007F75D5 /* SWLongPressGestureRecognizer.m */ = {isa = PBXFileReference; fileEncoding = 4; lastKnownFileType = sourcecode.c.objc; path = SWLongPressGestureRecognizer.m; sourceTree = "<group>"; };
		451C1B441A642E9D007F75D5 /* SWUtilityButtonTapGestureRecognizer.h */ = {isa = PBXFileReference; fileEncoding = 4; lastKnownFileType = sourcecode.c.h; path = SWUtilityButtonTapGestureRecognizer.h; sourceTree = "<group>"; };
		451C1B451A642E9D007F75D5 /* SWUtilityButtonTapGestureRecognizer.m */ = {isa = PBXFileReference; fileEncoding = 4; lastKnownFileType = sourcecode.c.objc; path = SWUtilityButtonTapGestureRecognizer.m; sourceTree = "<group>"; };
		451C1B461A642E9D007F75D5 /* SWUtilityButtonView.h */ = {isa = PBXFileReference; fileEncoding = 4; lastKnownFileType = sourcecode.c.h; path = SWUtilityButtonView.h; sourceTree = "<group>"; };
		451C1B471A642E9D007F75D5 /* SWUtilityButtonView.m */ = {isa = PBXFileReference; fileEncoding = 4; lastKnownFileType = sourcecode.c.objc; path = SWUtilityButtonView.m; sourceTree = "<group>"; };
		451C1B4E1A647D73007F75D5 /* facebook@2x.png */ = {isa = PBXFileReference; lastKnownFileType = image.png; path = "facebook@2x.png"; sourceTree = "<group>"; };
		451C1B4F1A647D73007F75D5 /* twitter@2x.png */ = {isa = PBXFileReference; lastKnownFileType = image.png; path = "twitter@2x.png"; sourceTree = "<group>"; };
		451C1B501A647D73007F75D5 /* message@2x.png */ = {isa = PBXFileReference; lastKnownFileType = image.png; path = "message@2x.png"; sourceTree = "<group>"; };
		451C1B511A647D73007F75D5 /* like@2x.png */ = {isa = PBXFileReference; lastKnownFileType = image.png; path = "like@2x.png"; sourceTree = "<group>"; };
		451C1D361A651495007F75D5 /* Bolts.framework */ = {isa = PBXFileReference; lastKnownFileType = wrapper.framework; path = Bolts.framework; sourceTree = "<group>"; };
		451C1D371A651495007F75D5 /* FacebookSDK.framework */ = {isa = PBXFileReference; lastKnownFileType = wrapper.framework; path = FacebookSDK.framework; sourceTree = "<group>"; };
		451C1D381A651495007F75D5 /* FBAudienceNetwork.framework */ = {isa = PBXFileReference; lastKnownFileType = wrapper.framework; path = FBAudienceNetwork.framework; sourceTree = "<group>"; };
		451C1D401A651E63007F75D5 /* Icon-Small.png */ = {isa = PBXFileReference; lastKnownFileType = image.png; path = "Icon-Small.png"; sourceTree = "<group>"; };
		451C1D411A651E63007F75D5 /* Icon-Small@2x.png */ = {isa = PBXFileReference; lastKnownFileType = image.png; path = "Icon-Small@2x.png"; sourceTree = "<group>"; };
		451C1D441A651F9A007F75D5 /* Icon-Spotlight.png */ = {isa = PBXFileReference; lastKnownFileType = image.png; path = "Icon-Spotlight.png"; sourceTree = "<group>"; };
		451C1D451A651F9A007F75D5 /* Icon-Spotlight@2x.png */ = {isa = PBXFileReference; lastKnownFileType = image.png; path = "Icon-Spotlight@2x.png"; sourceTree = "<group>"; };
		451C1D481A65264E007F75D5 /* Icon.png */ = {isa = PBXFileReference; lastKnownFileType = image.png; path = Icon.png; sourceTree = "<group>"; };
		451C1D491A65264E007F75D5 /* Icon@2x.png */ = {isa = PBXFileReference; lastKnownFileType = image.png; path = "Icon@2x.png"; sourceTree = "<group>"; };
		451C1D4C1A6527BD007F75D5 /* Reachability.h */ = {isa = PBXFileReference; fileEncoding = 4; lastKnownFileType = sourcecode.c.h; path = Reachability.h; sourceTree = "<group>"; };
		451C1D4D1A6527BD007F75D5 /* Reachability.m */ = {isa = PBXFileReference; fileEncoding = 4; lastKnownFileType = sourcecode.c.objc; path = Reachability.m; sourceTree = "<group>"; };
		451C1D4F1A6546A4007F75D5 /* trackhistory.png */ = {isa = PBXFileReference; lastKnownFileType = image.png; path = trackhistory.png; sourceTree = "<group>"; };
		451C1D501A6546A4007F75D5 /* trackhistory@2x.png */ = {isa = PBXFileReference; lastKnownFileType = image.png; path = "trackhistory@2x.png"; sourceTree = "<group>"; };
		451C1D561A655817007F75D5 /* Social.framework */ = {isa = PBXFileReference; lastKnownFileType = wrapper.framework; name = Social.framework; path = System/Library/Frameworks/Social.framework; sourceTree = SDKROOT; };
		456714971A516CB900890C1E /* pauseBtn.png */ = {isa = PBXFileReference; lastKnownFileType = image.png; path = pauseBtn.png; sourceTree = "<group>"; };
		456714981A516CB900890C1E /* pauseBtn@2x.png */ = {isa = PBXFileReference; lastKnownFileType = image.png; path = "pauseBtn@2x.png"; sourceTree = "<group>"; };
		456714991A516CB900890C1E /* playBtn.png */ = {isa = PBXFileReference; lastKnownFileType = image.png; path = playBtn.png; sourceTree = "<group>"; };
		4567149A1A516CB900890C1E /* playBtn@2x.png */ = {isa = PBXFileReference; lastKnownFileType = image.png; path = "playBtn@2x.png"; sourceTree = "<group>"; };
		456714A31A51935E00890C1E /* 966logo.png */ = {isa = PBXFileReference; lastKnownFileType = image.png; path = 966logo.png; sourceTree = "<group>"; };
		456714A41A51935E00890C1E /* 966logo@2x.png */ = {isa = PBXFileReference; lastKnownFileType = image.png; path = "966logo@2x.png"; sourceTree = "<group>"; };
		456714A71A51966800890C1E /* microphone.png */ = {isa = PBXFileReference; lastKnownFileType = image.png; path = microphone.png; sourceTree = "<group>"; };
		456714A91A519DDF00890C1E /* PPRTrackInfo.h */ = {isa = PBXFileReference; fileEncoding = 4; lastKnownFileType = sourcecode.c.h; path = PPRTrackInfo.h; sourceTree = "<group>"; };
		456714AA1A519DDF00890C1E /* PPRTrackInfo.m */ = {isa = PBXFileReference; fileEncoding = 4; lastKnownFileType = sourcecode.c.objc; path = PPRTrackInfo.m; sourceTree = "<group>"; };
		456714AC1A52BA7600890C1E /* pepperFlowerApps.png */ = {isa = PBXFileReference; lastKnownFileType = image.png; path = pepperFlowerApps.png; sourceTree = "<group>"; };
		456714AE1A52BC8700890C1E /* mainBackgrnd.png */ = {isa = PBXFileReference; lastKnownFileType = image.png; path = mainBackgrnd.png; sourceTree = "<group>"; };
		456714B01A52BD0000890C1E /* pepperFlower.png */ = {isa = PBXFileReference; lastKnownFileType = image.png; path = pepperFlower.png; sourceTree = "<group>"; };
		458DE6A21A55FBB400280C93 /* example1.png */ = {isa = PBXFileReference; lastKnownFileType = image.png; path = example1.png; sourceTree = "<group>"; };
		458DE6A31A55FBB400280C93 /* example2.png */ = {isa = PBXFileReference; lastKnownFileType = image.png; path = example2.png; sourceTree = "<group>"; };
		45A0DA3A1A66A371000B45E9 /* Pepper966.xcdatamodel */ = {isa = PBXFileReference; lastKnownFileType = wrapper.xcdatamodel; path = Pepper966.xcdatamodel; sourceTree = "<group>"; };
		45A0DA3C1A66A403000B45E9 /* Favorites.h */ = {isa = PBXFileReference; fileEncoding = 4; lastKnownFileType = sourcecode.c.h; path = Favorites.h; sourceTree = "<group>"; };
		45A0DA3D1A66A403000B45E9 /* Favorites.m */ = {isa = PBXFileReference; fileEncoding = 4; lastKnownFileType = sourcecode.c.objc; path = Favorites.m; sourceTree = "<group>"; };
		45A0DA3F1A66A446000B45E9 /* CoreData.framework */ = {isa = PBXFileReference; lastKnownFileType = wrapper.framework; name = CoreData.framework; path = System/Library/Frameworks/CoreData.framework; sourceTree = SDKROOT; };
		45A0DA411A66A69D000B45E9 /* FavoritesStore.h */ = {isa = PBXFileReference; fileEncoding = 4; lastKnownFileType = sourcecode.c.h; path = FavoritesStore.h; sourceTree = "<group>"; };
		45A0DA421A66A69D000B45E9 /* FavoritesStore.m */ = {isa = PBXFileReference; fileEncoding = 4; lastKnownFileType = sourcecode.c.objc; path = FavoritesStore.m; sourceTree = "<group>"; };
		45A0DA441A66B059000B45E9 /* PPRFavoritesTableViewController.h */ = {isa = PBXFileReference; fileEncoding = 4; lastKnownFileType = sourcecode.c.h; path = PPRFavoritesTableViewController.h; sourceTree = "<group>"; };
		45A0DA451A66B059000B45E9 /* PPRFavoritesTableViewController.m */ = {isa = PBXFileReference; fileEncoding = 4; lastKnownFileType = sourcecode.c.objc; path = PPRFavoritesTableViewController.m; sourceTree = "<group>"; };
		45A0DA471A66B165000B45E9 /* PPRFavoritesViewCell.h */ = {isa = PBXFileReference; fileEncoding = 4; lastKnownFileType = sourcecode.c.h; path = PPRFavoritesViewCell.h; sourceTree = "<group>"; };
		45A0DA481A66B165000B45E9 /* PPRFavoritesViewCell.m */ = {isa = PBXFileReference; fileEncoding = 4; lastKnownFileType = sourcecode.c.objc; path = PPRFavoritesViewCell.m; sourceTree = "<group>"; };
		45A0DA491A66B165000B45E9 /* PPRFavoritesViewCell.xib */ = {isa = PBXFileReference; fileEncoding = 4; lastKnownFileType = file.xib; path = PPRFavoritesViewCell.xib; sourceTree = "<group>"; };
		45A0DA4C1A66B4D3000B45E9 /* backgroundFavoriteCell.png */ = {isa = PBXFileReference; lastKnownFileType = image.png; path = backgroundFavoriteCell.png; sourceTree = "<group>"; };
		45C64EBD1A4977AE000A55A6 /* Pepper966.app */ = {isa = PBXFileReference; explicitFileType = wrapper.application; includeInIndex = 0; path = Pepper966.app; sourceTree = BUILT_PRODUCTS_DIR; };
		45C64EC11A4977AE000A55A6 /* Info.plist */ = {isa = PBXFileReference; lastKnownFileType = text.plist.xml; path = Info.plist; sourceTree = "<group>"; };
		45C64EC21A4977AE000A55A6 /* main.m */ = {isa = PBXFileReference; lastKnownFileType = sourcecode.c.objc; path = main.m; sourceTree = "<group>"; };
		45C64EC41A4977AE000A55A6 /* AppDelegate.h */ = {isa = PBXFileReference; lastKnownFileType = sourcecode.c.h; path = AppDelegate.h; sourceTree = "<group>"; };
		45C64EC51A4977AE000A55A6 /* AppDelegate.m */ = {isa = PBXFileReference; lastKnownFileType = sourcecode.c.objc; path = AppDelegate.m; sourceTree = "<group>"; };
		45C64EC71A4977AE000A55A6 /* PPRLiveViewController.h */ = {isa = PBXFileReference; lastKnownFileType = sourcecode.c.h; name = PPRLiveViewController.h; path = Pepper966/PPRLiveViewController.h; sourceTree = "<group>"; };
		45C64EC81A4977AE000A55A6 /* PPRLiveViewController.m */ = {isa = PBXFileReference; lastKnownFileType = sourcecode.c.objc; name = PPRLiveViewController.m; path = Pepper966/PPRLiveViewController.m; sourceTree = "<group>"; };
		45C64ECA1A4977AE000A55A6 /* SecondViewController.h */ = {isa = PBXFileReference; lastKnownFileType = sourcecode.c.h; path = SecondViewController.h; sourceTree = "<group>"; };
		45C64ECB1A4977AE000A55A6 /* SecondViewController.m */ = {isa = PBXFileReference; lastKnownFileType = sourcecode.c.objc; path = SecondViewController.m; sourceTree = "<group>"; };
		45C64ECE1A4977AE000A55A6 /* Base */ = {isa = PBXFileReference; lastKnownFileType = file.storyboard; name = Base; path = Base.lproj/Main.storyboard; sourceTree = "<group>"; };
		45C64ED01A4977AF000A55A6 /* Images.xcassets */ = {isa = PBXFileReference; lastKnownFileType = folder.assetcatalog; path = Images.xcassets; sourceTree = "<group>"; };
		45C64ED31A4977AF000A55A6 /* Base */ = {isa = PBXFileReference; lastKnownFileType = file.xib; name = Base; path = Base.lproj/LaunchScreen.xib; sourceTree = "<group>"; };
		45C64ED91A4977AF000A55A6 /* Pepper966Tests.xctest */ = {isa = PBXFileReference; explicitFileType = wrapper.cfbundle; includeInIndex = 0; path = Pepper966Tests.xctest; sourceTree = BUILT_PRODUCTS_DIR; };
		45C64EDE1A4977AF000A55A6 /* Info.plist */ = {isa = PBXFileReference; lastKnownFileType = text.plist.xml; path = Info.plist; sourceTree = "<group>"; };
		45C64EDF1A4977AF000A55A6 /* Pepper966Tests.m */ = {isa = PBXFileReference; lastKnownFileType = sourcecode.c.objc; path = Pepper966Tests.m; sourceTree = "<group>"; };
		45C64EE91A4978B5000A55A6 /* AVFoundation.framework */ = {isa = PBXFileReference; lastKnownFileType = wrapper.framework; name = AVFoundation.framework; path = System/Library/Frameworks/AVFoundation.framework; sourceTree = SDKROOT; };
		45C64EEB1A4978BD000A55A6 /* CoreAudio.framework */ = {isa = PBXFileReference; lastKnownFileType = wrapper.framework; name = CoreAudio.framework; path = System/Library/Frameworks/CoreAudio.framework; sourceTree = SDKROOT; };
		45C64EEE1A49AB10000A55A6 /* AFHTTPRequestOperation.h */ = {isa = PBXFileReference; fileEncoding = 4; lastKnownFileType = sourcecode.c.h; path = AFHTTPRequestOperation.h; sourceTree = "<group>"; };
		45C64EEF1A49AB10000A55A6 /* AFHTTPRequestOperation.m */ = {isa = PBXFileReference; fileEncoding = 4; lastKnownFileType = sourcecode.c.objc; path = AFHTTPRequestOperation.m; sourceTree = "<group>"; };
		45C64EF01A49AB10000A55A6 /* AFHTTPRequestOperationManager.h */ = {isa = PBXFileReference; fileEncoding = 4; lastKnownFileType = sourcecode.c.h; path = AFHTTPRequestOperationManager.h; sourceTree = "<group>"; };
		45C64EF11A49AB10000A55A6 /* AFHTTPRequestOperationManager.m */ = {isa = PBXFileReference; fileEncoding = 4; lastKnownFileType = sourcecode.c.objc; path = AFHTTPRequestOperationManager.m; sourceTree = "<group>"; };
		45C64EF21A49AB10000A55A6 /* AFHTTPSessionManager.h */ = {isa = PBXFileReference; fileEncoding = 4; lastKnownFileType = sourcecode.c.h; path = AFHTTPSessionManager.h; sourceTree = "<group>"; };
		45C64EF31A49AB10000A55A6 /* AFHTTPSessionManager.m */ = {isa = PBXFileReference; fileEncoding = 4; lastKnownFileType = sourcecode.c.objc; path = AFHTTPSessionManager.m; sourceTree = "<group>"; };
		45C64EF41A49AB10000A55A6 /* AFNetworking.h */ = {isa = PBXFileReference; fileEncoding = 4; lastKnownFileType = sourcecode.c.h; path = AFNetworking.h; sourceTree = "<group>"; };
		45C64EF51A49AB10000A55A6 /* AFNetworkReachabilityManager.h */ = {isa = PBXFileReference; fileEncoding = 4; lastKnownFileType = sourcecode.c.h; path = AFNetworkReachabilityManager.h; sourceTree = "<group>"; };
		45C64EF61A49AB10000A55A6 /* AFNetworkReachabilityManager.m */ = {isa = PBXFileReference; fileEncoding = 4; lastKnownFileType = sourcecode.c.objc; path = AFNetworkReachabilityManager.m; sourceTree = "<group>"; };
		45C64EF71A49AB10000A55A6 /* AFSecurityPolicy.h */ = {isa = PBXFileReference; fileEncoding = 4; lastKnownFileType = sourcecode.c.h; path = AFSecurityPolicy.h; sourceTree = "<group>"; };
		45C64EF81A49AB10000A55A6 /* AFSecurityPolicy.m */ = {isa = PBXFileReference; fileEncoding = 4; lastKnownFileType = sourcecode.c.objc; path = AFSecurityPolicy.m; sourceTree = "<group>"; };
		45C64EF91A49AB10000A55A6 /* AFURLConnectionOperation.h */ = {isa = PBXFileReference; fileEncoding = 4; lastKnownFileType = sourcecode.c.h; path = AFURLConnectionOperation.h; sourceTree = "<group>"; };
		45C64EFA1A49AB10000A55A6 /* AFURLConnectionOperation.m */ = {isa = PBXFileReference; fileEncoding = 4; lastKnownFileType = sourcecode.c.objc; path = AFURLConnectionOperation.m; sourceTree = "<group>"; };
		45C64EFB1A49AB10000A55A6 /* AFURLRequestSerialization.h */ = {isa = PBXFileReference; fileEncoding = 4; lastKnownFileType = sourcecode.c.h; path = AFURLRequestSerialization.h; sourceTree = "<group>"; };
		45C64EFC1A49AB10000A55A6 /* AFURLRequestSerialization.m */ = {isa = PBXFileReference; fileEncoding = 4; lastKnownFileType = sourcecode.c.objc; path = AFURLRequestSerialization.m; sourceTree = "<group>"; };
		45C64EFD1A49AB10000A55A6 /* AFURLResponseSerialization.h */ = {isa = PBXFileReference; fileEncoding = 4; lastKnownFileType = sourcecode.c.h; path = AFURLResponseSerialization.h; sourceTree = "<group>"; };
		45C64EFE1A49AB10000A55A6 /* AFURLResponseSerialization.m */ = {isa = PBXFileReference; fileEncoding = 4; lastKnownFileType = sourcecode.c.objc; path = AFURLResponseSerialization.m; sourceTree = "<group>"; };
		45C64EFF1A49AB10000A55A6 /* AFURLSessionManager.h */ = {isa = PBXFileReference; fileEncoding = 4; lastKnownFileType = sourcecode.c.h; path = AFURLSessionManager.h; sourceTree = "<group>"; };
		45C64F001A49AB10000A55A6 /* AFURLSessionManager.m */ = {isa = PBXFileReference; fileEncoding = 4; lastKnownFileType = sourcecode.c.objc; path = AFURLSessionManager.m; sourceTree = "<group>"; };
		45C64F021A49AB10000A55A6 /* AFNetworkActivityIndicatorManager.h */ = {isa = PBXFileReference; fileEncoding = 4; lastKnownFileType = sourcecode.c.h; path = AFNetworkActivityIndicatorManager.h; sourceTree = "<group>"; };
		45C64F031A49AB10000A55A6 /* AFNetworkActivityIndicatorManager.m */ = {isa = PBXFileReference; fileEncoding = 4; lastKnownFileType = sourcecode.c.objc; path = AFNetworkActivityIndicatorManager.m; sourceTree = "<group>"; };
		45C64F041A49AB10000A55A6 /* UIActivityIndicatorView+AFNetworking.h */ = {isa = PBXFileReference; fileEncoding = 4; lastKnownFileType = sourcecode.c.h; path = "UIActivityIndicatorView+AFNetworking.h"; sourceTree = "<group>"; };
		45C64F051A49AB10000A55A6 /* UIActivityIndicatorView+AFNetworking.m */ = {isa = PBXFileReference; fileEncoding = 4; lastKnownFileType = sourcecode.c.objc; path = "UIActivityIndicatorView+AFNetworking.m"; sourceTree = "<group>"; };
		45C64F061A49AB10000A55A6 /* UIAlertView+AFNetworking.h */ = {isa = PBXFileReference; fileEncoding = 4; lastKnownFileType = sourcecode.c.h; path = "UIAlertView+AFNetworking.h"; sourceTree = "<group>"; };
		45C64F071A49AB10000A55A6 /* UIAlertView+AFNetworking.m */ = {isa = PBXFileReference; fileEncoding = 4; lastKnownFileType = sourcecode.c.objc; path = "UIAlertView+AFNetworking.m"; sourceTree = "<group>"; };
		45C64F081A49AB10000A55A6 /* UIButton+AFNetworking.h */ = {isa = PBXFileReference; fileEncoding = 4; lastKnownFileType = sourcecode.c.h; path = "UIButton+AFNetworking.h"; sourceTree = "<group>"; };
		45C64F091A49AB10000A55A6 /* UIButton+AFNetworking.m */ = {isa = PBXFileReference; fileEncoding = 4; lastKnownFileType = sourcecode.c.objc; path = "UIButton+AFNetworking.m"; sourceTree = "<group>"; };
		45C64F0A1A49AB10000A55A6 /* UIImageView+AFNetworking.h */ = {isa = PBXFileReference; fileEncoding = 4; lastKnownFileType = sourcecode.c.h; path = "UIImageView+AFNetworking.h"; sourceTree = "<group>"; };
		45C64F0B1A49AB10000A55A6 /* UIImageView+AFNetworking.m */ = {isa = PBXFileReference; fileEncoding = 4; lastKnownFileType = sourcecode.c.objc; path = "UIImageView+AFNetworking.m"; sourceTree = "<group>"; };
		45C64F0C1A49AB10000A55A6 /* UIKit+AFNetworking.h */ = {isa = PBXFileReference; fileEncoding = 4; lastKnownFileType = sourcecode.c.h; path = "UIKit+AFNetworking.h"; sourceTree = "<group>"; };
		45C64F0D1A49AB10000A55A6 /* UIProgressView+AFNetworking.h */ = {isa = PBXFileReference; fileEncoding = 4; lastKnownFileType = sourcecode.c.h; path = "UIProgressView+AFNetworking.h"; sourceTree = "<group>"; };
		45C64F0E1A49AB10000A55A6 /* UIProgressView+AFNetworking.m */ = {isa = PBXFileReference; fileEncoding = 4; lastKnownFileType = sourcecode.c.objc; path = "UIProgressView+AFNetworking.m"; sourceTree = "<group>"; };
		45C64F0F1A49AB10000A55A6 /* UIRefreshControl+AFNetworking.h */ = {isa = PBXFileReference; fileEncoding = 4; lastKnownFileType = sourcecode.c.h; path = "UIRefreshControl+AFNetworking.h"; sourceTree = "<group>"; };
		45C64F101A49AB10000A55A6 /* UIRefreshControl+AFNetworking.m */ = {isa = PBXFileReference; fileEncoding = 4; lastKnownFileType = sourcecode.c.objc; path = "UIRefreshControl+AFNetworking.m"; sourceTree = "<group>"; };
		45C64F111A49AB10000A55A6 /* UIWebView+AFNetworking.h */ = {isa = PBXFileReference; fileEncoding = 4; lastKnownFileType = sourcecode.c.h; path = "UIWebView+AFNetworking.h"; sourceTree = "<group>"; };
		45C64F121A49AB10000A55A6 /* UIWebView+AFNetworking.m */ = {isa = PBXFileReference; fileEncoding = 4; lastKnownFileType = sourcecode.c.objc; path = "UIWebView+AFNetworking.m"; sourceTree = "<group>"; };
		45C64F281A49FC71000A55A6 /* PPRProducer.h */ = {isa = PBXFileReference; fileEncoding = 4; lastKnownFileType = sourcecode.c.h; path = PPRProducer.h; sourceTree = "<group>"; };
		45C64F291A49FC71000A55A6 /* PPRProducer.m */ = {isa = PBXFileReference; fileEncoding = 4; lastKnownFileType = sourcecode.c.objc; path = PPRProducer.m; sourceTree = "<group>"; };
		45C64F2D1A4A05D8000A55A6 /* profileCV.jpeg */ = {isa = PBXFileReference; lastKnownFileType = image.jpeg; path = profileCV.jpeg; sourceTree = "<group>"; };
		45C64F2F1A4A0D57000A55A6 /* TFHpple.h */ = {isa = PBXFileReference; fileEncoding = 4; lastKnownFileType = sourcecode.c.h; path = TFHpple.h; sourceTree = "<group>"; };
		45C64F301A4A0D57000A55A6 /* TFHpple.m */ = {isa = PBXFileReference; fileEncoding = 4; lastKnownFileType = sourcecode.c.objc; path = TFHpple.m; sourceTree = "<group>"; };
		45C64F321A4A1096000A55A6 /* TFHppleElement.h */ = {isa = PBXFileReference; fileEncoding = 4; lastKnownFileType = sourcecode.c.h; path = TFHppleElement.h; sourceTree = "<group>"; };
		45C64F331A4A1096000A55A6 /* TFHppleElement.m */ = {isa = PBXFileReference; fileEncoding = 4; lastKnownFileType = sourcecode.c.objc; path = TFHppleElement.m; sourceTree = "<group>"; };
		45C64F351A4A1114000A55A6 /* PPRPepperer.h */ = {isa = PBXFileReference; fileEncoding = 4; lastKnownFileType = sourcecode.c.h; path = PPRPepperer.h; sourceTree = "<group>"; };
		45C64F361A4A1114000A55A6 /* PPRPepperer.m */ = {isa = PBXFileReference; fileEncoding = 4; lastKnownFileType = sourcecode.c.objc; path = PPRPepperer.m; sourceTree = "<group>"; };
		45C64F381A4A1217000A55A6 /* XPathQuery.h */ = {isa = PBXFileReference; fileEncoding = 4; lastKnownFileType = sourcecode.c.h; path = XPathQuery.h; sourceTree = "<group>"; };
		45C64F391A4A1217000A55A6 /* XPathQuery.m */ = {isa = PBXFileReference; fileEncoding = 4; lastKnownFileType = sourcecode.c.objc; path = XPathQuery.m; sourceTree = "<group>"; };
		45C64F3E1A4A128C000A55A6 /* CoreGraphics.framework */ = {isa = PBXFileReference; lastKnownFileType = wrapper.framework; name = CoreGraphics.framework; path = System/Library/Frameworks/CoreGraphics.framework; sourceTree = SDKROOT; };
		45C64F401A4A12B8000A55A6 /* UIKit.framework */ = {isa = PBXFileReference; lastKnownFileType = wrapper.framework; name = UIKit.framework; path = System/Library/Frameworks/UIKit.framework; sourceTree = SDKROOT; };
		45C64F441A4A167C000A55A6 /* Foundation.framework */ = {isa = PBXFileReference; lastKnownFileType = wrapper.framework; name = Foundation.framework; path = System/Library/Frameworks/Foundation.framework; sourceTree = SDKROOT; };
		45C64F491A4A1944000A55A6 /* libxml2.dylib */ = {isa = PBXFileReference; lastKnownFileType = "compiled.mach-o.dylib"; name = libxml2.dylib; path = usr/lib/libxml2.dylib; sourceTree = SDKROOT; };
		45CF6A791A5E922300C06015 /* liveBadge.png */ = {isa = PBXFileReference; lastKnownFileType = image.png; path = liveBadge.png; sourceTree = "<group>"; };
		45CF6A7A1A5E922300C06015 /* liveBadge@2x.png */ = {isa = PBXFileReference; lastKnownFileType = image.png; path = "liveBadge@2x.png"; sourceTree = "<group>"; };
		45CF6A7D1A5E952B00C06015 /* tabBarBcgrnd.png */ = {isa = PBXFileReference; lastKnownFileType = image.png; path = tabBarBcgrnd.png; sourceTree = "<group>"; };
		45CF6A811A5E993E00C06015 /* selectedTab.png */ = {isa = PBXFileReference; lastKnownFileType = image.png; path = selectedTab.png; sourceTree = "<group>"; };
		45CF6A851A5E9E0700C06015 /* exaaaaa.png */ = {isa = PBXFileReference; lastKnownFileType = image.png; path = exaaaaa.png; sourceTree = "<group>"; };
		45CF6A871A5E9F8700C06015 /* backgroundTab.png */ = {isa = PBXFileReference; lastKnownFileType = image.png; path = backgroundTab.png; sourceTree = "<group>"; };
		45CF6A8B1A5EA24C00C06015 /* scheduleBadge.png */ = {isa = PBXFileReference; lastKnownFileType = image.png; path = scheduleBadge.png; sourceTree = "<group>"; };
		45CF6A951A5EAA1500C06015 /* liveAbove.png */ = {isa = PBXFileReference; lastKnownFileType = image.png; path = liveAbove.png; sourceTree = "<group>"; };
		45CF6A9B1A5EC39B00C06015 /* PPRMainController.h */ = {isa = PBXFileReference; fileEncoding = 4; lastKnownFileType = sourcecode.c.h; name = PPRMainController.h; path = Pepper966/PPRMainController.h; sourceTree = "<group>"; };
		45CF6A9C1A5EC39B00C06015 /* PPRMainController.m */ = {isa = PBXFileReference; fileEncoding = 4; lastKnownFileType = sourcecode.c.objc; name = PPRMainController.m; path = Pepper966/PPRMainController.m; sourceTree = "<group>"; };
		45CF6AA21A5EF83000C06015 /* PPRTracklistTableViewController.h */ = {isa = PBXFileReference; fileEncoding = 4; lastKnownFileType = sourcecode.c.h; path = PPRTracklistTableViewController.h; sourceTree = "<group>"; };
		45CF6AA31A5EF83000C06015 /* PPRTracklistTableViewController.m */ = {isa = PBXFileReference; fileEncoding = 4; lastKnownFileType = sourcecode.c.objc; path = PPRTracklistTableViewController.m; sourceTree = "<group>"; };
		45CF6AA61A5EF8DC00C06015 /* PPRTrackViewCell.h */ = {isa = PBXFileReference; fileEncoding = 4; lastKnownFileType = sourcecode.c.h; path = PPRTrackViewCell.h; sourceTree = "<group>"; };
		45CF6AA71A5EF8DC00C06015 /* PPRTrackViewCell.m */ = {isa = PBXFileReference; fileEncoding = 4; lastKnownFileType = sourcecode.c.objc; path = PPRTrackViewCell.m; sourceTree = "<group>"; };
		45CF6AA81A5EF8DC00C06015 /* PPRTrackViewCell.xib */ = {isa = PBXFileReference; fileEncoding = 4; lastKnownFileType = file.xib; path = PPRTrackViewCell.xib; sourceTree = "<group>"; };
		45CF6AAB1A5EFDF400C06015 /* PPRTracklistParser.h */ = {isa = PBXFileReference; fileEncoding = 4; lastKnownFileType = sourcecode.c.h; path = PPRTracklistParser.h; sourceTree = "<group>"; };
		45CF6AAC1A5EFDF400C06015 /* PPRTracklistParser.m */ = {isa = PBXFileReference; fileEncoding = 4; lastKnownFileType = sourcecode.c.objc; path = PPRTracklistParser.m; sourceTree = "<group>"; };
/* End PBXFileReference section */

/* Begin PBXFrameworksBuildPhase section */
		45C64EBA1A4977AE000A55A6 /* Frameworks */ = {
			isa = PBXFrameworksBuildPhase;
			buildActionMask = 2147483647;
			files = (
				45A0DA401A66A446000B45E9 /* CoreData.framework in Frameworks */,
				451C1D571A655817007F75D5 /* Social.framework in Frameworks */,
				45C64F411A4A12B8000A55A6 /* UIKit.framework in Frameworks */,
				45C64F4A1A4A1944000A55A6 /* libxml2.dylib in Frameworks */,
				45C64F451A4A167C000A55A6 /* Foundation.framework in Frameworks */,
				45C64F3F1A4A128C000A55A6 /* CoreGraphics.framework in Frameworks */,
				45C64EEC1A4978BD000A55A6 /* CoreAudio.framework in Frameworks */,
				451C1D3A1A651495007F75D5 /* FacebookSDK.framework in Frameworks */,
				451C1D3B1A651495007F75D5 /* FBAudienceNetwork.framework in Frameworks */,
				45C64EEA1A4978B5000A55A6 /* AVFoundation.framework in Frameworks */,
				451C1D391A651495007F75D5 /* Bolts.framework in Frameworks */,
			);
			runOnlyForDeploymentPostprocessing = 0;
		};
		45C64ED61A4977AF000A55A6 /* Frameworks */ = {
			isa = PBXFrameworksBuildPhase;
			buildActionMask = 2147483647;
			files = (
			);
			runOnlyForDeploymentPostprocessing = 0;
		};
/* End PBXFrameworksBuildPhase section */

/* Begin PBXGroup section */
		451C1B4D1A642EA2007F75D5 /* Swipe */ = {
			isa = PBXGroup;
			children = (
				451C1B3E1A642E9D007F75D5 /* NSMutableArray+SWUtilityButtons.h */,
				451C1B3F1A642E9D007F75D5 /* NSMutableArray+SWUtilityButtons.m */,
				451C1B401A642E9D007F75D5 /* SWCellScrollView.h */,
				451C1B411A642E9D007F75D5 /* SWCellScrollView.m */,
				451C1B421A642E9D007F75D5 /* SWLongPressGestureRecognizer.h */,
				451C1B431A642E9D007F75D5 /* SWLongPressGestureRecognizer.m */,
				451C1B441A642E9D007F75D5 /* SWUtilityButtonTapGestureRecognizer.h */,
				451C1B451A642E9D007F75D5 /* SWUtilityButtonTapGestureRecognizer.m */,
				451C1B461A642E9D007F75D5 /* SWUtilityButtonView.h */,
				451C1B471A642E9D007F75D5 /* SWUtilityButtonView.m */,
			);
			name = Swipe;
			sourceTree = "<group>";
		};
		451C1B561A6511B7007F75D5 /* Frameworks */ = {
			isa = PBXGroup;
			children = (
				45A0DA3F1A66A446000B45E9 /* CoreData.framework */,
				451C1D561A655817007F75D5 /* Social.framework */,
				451C1D361A651495007F75D5 /* Bolts.framework */,
				451C1D371A651495007F75D5 /* FacebookSDK.framework */,
				451C1D381A651495007F75D5 /* FBAudienceNetwork.framework */,
				45C64F441A4A167C000A55A6 /* Foundation.framework */,
				45C64F401A4A12B8000A55A6 /* UIKit.framework */,
				45C64F3E1A4A128C000A55A6 /* CoreGraphics.framework */,
				45C64EEB1A4978BD000A55A6 /* CoreAudio.framework */,
				45C64EE91A4978B5000A55A6 /* AVFoundation.framework */,
			);
			name = Frameworks;
			sourceTree = "<group>";
		};
		456714961A516C9F00890C1E /* Images */ = {
			isa = PBXGroup;
			children = (
				45A0DA4C1A66B4D3000B45E9 /* backgroundFavoriteCell.png */,
				451C1D4F1A6546A4007F75D5 /* trackhistory.png */,
				451C1D501A6546A4007F75D5 /* trackhistory@2x.png */,
				451C1D481A65264E007F75D5 /* Icon.png */,
				451C1D491A65264E007F75D5 /* Icon@2x.png */,
				451C1D441A651F9A007F75D5 /* Icon-Spotlight.png */,
				451C1D451A651F9A007F75D5 /* Icon-Spotlight@2x.png */,
				451C1D401A651E63007F75D5 /* Icon-Small.png */,
				451C1D411A651E63007F75D5 /* Icon-Small@2x.png */,
				451C1B4E1A647D73007F75D5 /* facebook@2x.png */,
				451C1B4F1A647D73007F75D5 /* twitter@2x.png */,
				451C1B501A647D73007F75D5 /* message@2x.png */,
				451C1B511A647D73007F75D5 /* like@2x.png */,
				458DE6A21A55FBB400280C93 /* example1.png */,
				45CF6A7D1A5E952B00C06015 /* tabBarBcgrnd.png */,
				458DE6A31A55FBB400280C93 /* example2.png */,
				45CF6A8B1A5EA24C00C06015 /* scheduleBadge.png */,
				45CF6A851A5E9E0700C06015 /* exaaaaa.png */,
				45CF6A871A5E9F8700C06015 /* backgroundTab.png */,
				45CF6A951A5EAA1500C06015 /* liveAbove.png */,
				451C1B371A63D34E007F75D5 /* liveIcon.png */,
				451C1B381A63D34E007F75D5 /* liveIcon@2x.png */,
				456714AC1A52BA7600890C1E /* pepperFlowerApps.png */,
				456714A71A51966800890C1E /* microphone.png */,
				456714A31A51935E00890C1E /* 966logo.png */,
				456714A41A51935E00890C1E /* 966logo@2x.png */,
				456714971A516CB900890C1E /* pauseBtn.png */,
				45CF6A791A5E922300C06015 /* liveBadge.png */,
				45CF6A7A1A5E922300C06015 /* liveBadge@2x.png */,
				456714981A516CB900890C1E /* pauseBtn@2x.png */,
				456714B01A52BD0000890C1E /* pepperFlower.png */,
				456714991A516CB900890C1E /* playBtn.png */,
				456714AE1A52BC8700890C1E /* mainBackgrnd.png */,
				45CF6A811A5E993E00C06015 /* selectedTab.png */,
				4567149A1A516CB900890C1E /* playBtn@2x.png */,
			);
			name = Images;
			sourceTree = "<group>";
		};
		45C64EB41A4977AE000A55A6 = {
			isa = PBXGroup;
			children = (
				45A0DA391A66A371000B45E9 /* Pepper966.xcdatamodeld */,
				451C1B561A6511B7007F75D5 /* Frameworks */,
				456714961A516C9F00890C1E /* Images */,
				45C64F491A4A1944000A55A6 /* libxml2.dylib */,
				45C64F2D1A4A05D8000A55A6 /* profileCV.jpeg */,
				45CF6AA51A5EF8A500C06015 /* Cells */,
				45CF6A9E1A5EF52400C06015 /* Controllers */,
				45C64F271A49FC42000A55A6 /* Classes */,
				45C64EED1A49AB10000A55A6 /* AFNetworking */,
				45C64F011A49AB10000A55A6 /* UIKit+AFNetworking */,
				45C64EBF1A4977AE000A55A6 /* Pepper966 */,
				45C64EDC1A4977AF000A55A6 /* Pepper966Tests */,
				45C64EBE1A4977AE000A55A6 /* Products */,
			);
			sourceTree = "<group>";
		};
		45C64EBE1A4977AE000A55A6 /* Products */ = {
			isa = PBXGroup;
			children = (
				45C64EBD1A4977AE000A55A6 /* Pepper966.app */,
				45C64ED91A4977AF000A55A6 /* Pepper966Tests.xctest */,
			);
			name = Products;
			sourceTree = "<group>";
		};
		45C64EBF1A4977AE000A55A6 /* Pepper966 */ = {
			isa = PBXGroup;
			children = (
				45C64EC41A4977AE000A55A6 /* AppDelegate.h */,
				45C64EC51A4977AE000A55A6 /* AppDelegate.m */,
				45C64ECA1A4977AE000A55A6 /* SecondViewController.h */,
				45C64ECB1A4977AE000A55A6 /* SecondViewController.m */,
				45C64ECD1A4977AE000A55A6 /* Main.storyboard */,
				45C64ED01A4977AF000A55A6 /* Images.xcassets */,
				45C64ED21A4977AF000A55A6 /* LaunchScreen.xib */,
				45C64EC01A4977AE000A55A6 /* Supporting Files */,
			);
			path = Pepper966;
			sourceTree = "<group>";
		};
		45C64EC01A4977AE000A55A6 /* Supporting Files */ = {
			isa = PBXGroup;
			children = (
				45C64EC11A4977AE000A55A6 /* Info.plist */,
				45C64EC21A4977AE000A55A6 /* main.m */,
			);
			name = "Supporting Files";
			sourceTree = "<group>";
		};
		45C64EDC1A4977AF000A55A6 /* Pepper966Tests */ = {
			isa = PBXGroup;
			children = (
				45C64EDF1A4977AF000A55A6 /* Pepper966Tests.m */,
				45C64EDD1A4977AF000A55A6 /* Supporting Files */,
			);
			path = Pepper966Tests;
			sourceTree = "<group>";
		};
		45C64EDD1A4977AF000A55A6 /* Supporting Files */ = {
			isa = PBXGroup;
			children = (
				45C64EDE1A4977AF000A55A6 /* Info.plist */,
			);
			name = "Supporting Files";
			sourceTree = "<group>";
		};
		45C64EED1A49AB10000A55A6 /* AFNetworking */ = {
			isa = PBXGroup;
			children = (
				45C64EEE1A49AB10000A55A6 /* AFHTTPRequestOperation.h */,
				45C64EEF1A49AB10000A55A6 /* AFHTTPRequestOperation.m */,
				45C64EF01A49AB10000A55A6 /* AFHTTPRequestOperationManager.h */,
				45C64EF11A49AB10000A55A6 /* AFHTTPRequestOperationManager.m */,
				45C64EF21A49AB10000A55A6 /* AFHTTPSessionManager.h */,
				45C64EF31A49AB10000A55A6 /* AFHTTPSessionManager.m */,
				45C64EF41A49AB10000A55A6 /* AFNetworking.h */,
				45C64EF51A49AB10000A55A6 /* AFNetworkReachabilityManager.h */,
				45C64EF61A49AB10000A55A6 /* AFNetworkReachabilityManager.m */,
				45C64EF71A49AB10000A55A6 /* AFSecurityPolicy.h */,
				45C64EF81A49AB10000A55A6 /* AFSecurityPolicy.m */,
				45C64EF91A49AB10000A55A6 /* AFURLConnectionOperation.h */,
				45C64EFA1A49AB10000A55A6 /* AFURLConnectionOperation.m */,
				45C64EFB1A49AB10000A55A6 /* AFURLRequestSerialization.h */,
				45C64EFC1A49AB10000A55A6 /* AFURLRequestSerialization.m */,
				45C64EFD1A49AB10000A55A6 /* AFURLResponseSerialization.h */,
				45C64EFE1A49AB10000A55A6 /* AFURLResponseSerialization.m */,
				45C64EFF1A49AB10000A55A6 /* AFURLSessionManager.h */,
				45C64F001A49AB10000A55A6 /* AFURLSessionManager.m */,
			);
			path = AFNetworking;
			sourceTree = "<group>";
		};
		45C64F011A49AB10000A55A6 /* UIKit+AFNetworking */ = {
			isa = PBXGroup;
			children = (
				45C64F021A49AB10000A55A6 /* AFNetworkActivityIndicatorManager.h */,
				45C64F031A49AB10000A55A6 /* AFNetworkActivityIndicatorManager.m */,
				45C64F041A49AB10000A55A6 /* UIActivityIndicatorView+AFNetworking.h */,
				45C64F051A49AB10000A55A6 /* UIActivityIndicatorView+AFNetworking.m */,
				45C64F061A49AB10000A55A6 /* UIAlertView+AFNetworking.h */,
				45C64F071A49AB10000A55A6 /* UIAlertView+AFNetworking.m */,
				45C64F081A49AB10000A55A6 /* UIButton+AFNetworking.h */,
				45C64F091A49AB10000A55A6 /* UIButton+AFNetworking.m */,
				45C64F0A1A49AB10000A55A6 /* UIImageView+AFNetworking.h */,
				45C64F0B1A49AB10000A55A6 /* UIImageView+AFNetworking.m */,
				45C64F0C1A49AB10000A55A6 /* UIKit+AFNetworking.h */,
				45C64F0D1A49AB10000A55A6 /* UIProgressView+AFNetworking.h */,
				45C64F0E1A49AB10000A55A6 /* UIProgressView+AFNetworking.m */,
				45C64F0F1A49AB10000A55A6 /* UIRefreshControl+AFNetworking.h */,
				45C64F101A49AB10000A55A6 /* UIRefreshControl+AFNetworking.m */,
				45C64F111A49AB10000A55A6 /* UIWebView+AFNetworking.h */,
				45C64F121A49AB10000A55A6 /* UIWebView+AFNetworking.m */,
			);
			path = "UIKit+AFNetworking";
			sourceTree = "<group>";
		};
		45C64F271A49FC42000A55A6 /* Classes */ = {
			isa = PBXGroup;
			children = (
				451C1D4C1A6527BD007F75D5 /* Reachability.h */,
				451C1D4D1A6527BD007F75D5 /* Reachability.m */,
				451C1B4D1A642EA2007F75D5 /* Swipe */,
				45C64F3B1A4A1222000A55A6 /* HTMLParser */,
				45C64F281A49FC71000A55A6 /* PPRProducer.h */,
				45C64F291A49FC71000A55A6 /* PPRProducer.m */,
				45C64F351A4A1114000A55A6 /* PPRPepperer.h */,
				45C64F361A4A1114000A55A6 /* PPRPepperer.m */,
				456714A91A519DDF00890C1E /* PPRTrackInfo.h */,
				456714AA1A519DDF00890C1E /* PPRTrackInfo.m */,
				45CF6AAB1A5EFDF400C06015 /* PPRTracklistParser.h */,
				45CF6AAC1A5EFDF400C06015 /* PPRTracklistParser.m */,
				45A0DA3C1A66A403000B45E9 /* Favorites.h */,
				45A0DA3D1A66A403000B45E9 /* Favorites.m */,
				45A0DA411A66A69D000B45E9 /* FavoritesStore.h */,
				45A0DA421A66A69D000B45E9 /* FavoritesStore.m */,
			);
			name = Classes;
			sourceTree = "<group>";
		};
		45C64F3B1A4A1222000A55A6 /* HTMLParser */ = {
			isa = PBXGroup;
			children = (
				45C64F381A4A1217000A55A6 /* XPathQuery.h */,
				45C64F391A4A1217000A55A6 /* XPathQuery.m */,
				45C64F321A4A1096000A55A6 /* TFHppleElement.h */,
				45C64F331A4A1096000A55A6 /* TFHppleElement.m */,
				45C64F2F1A4A0D57000A55A6 /* TFHpple.h */,
				45C64F301A4A0D57000A55A6 /* TFHpple.m */,
			);
			name = HTMLParser;
			sourceTree = "<group>";
		};
		45CF6A9E1A5EF52400C06015 /* Controllers */ = {
			isa = PBXGroup;
			children = (
				45C64EC71A4977AE000A55A6 /* PPRLiveViewController.h */,
				45C64EC81A4977AE000A55A6 /* PPRLiveViewController.m */,
				45CF6A9B1A5EC39B00C06015 /* PPRMainController.h */,
				45CF6A9C1A5EC39B00C06015 /* PPRMainController.m */,
				45CF6AA21A5EF83000C06015 /* PPRTracklistTableViewController.h */,
				45CF6AA31A5EF83000C06015 /* PPRTracklistTableViewController.m */,
				45A0DA441A66B059000B45E9 /* PPRFavoritesTableViewController.h */,
				45A0DA451A66B059000B45E9 /* PPRFavoritesTableViewController.m */,
			);
			name = Controllers;
			sourceTree = "<group>";
		};
		45CF6AA51A5EF8A500C06015 /* Cells */ = {
			isa = PBXGroup;
			children = (
				45CF6AA61A5EF8DC00C06015 /* PPRTrackViewCell.h */,
				45CF6AA71A5EF8DC00C06015 /* PPRTrackViewCell.m */,
				45CF6AA81A5EF8DC00C06015 /* PPRTrackViewCell.xib */,
				451C1B3B1A642AB0007F75D5 /* PPRSwipeTableViewCell.h */,
				451C1B3C1A642AB0007F75D5 /* PPRSwipeTableViewCell.m */,
				45A0DA471A66B165000B45E9 /* PPRFavoritesViewCell.h */,
				45A0DA481A66B165000B45E9 /* PPRFavoritesViewCell.m */,
				45A0DA491A66B165000B45E9 /* PPRFavoritesViewCell.xib */,
			);
			name = Cells;
			sourceTree = "<group>";
		};
/* End PBXGroup section */

/* Begin PBXNativeTarget section */
		45C64EBC1A4977AE000A55A6 /* Pepper966 */ = {
			isa = PBXNativeTarget;
			buildConfigurationList = 45C64EE31A4977AF000A55A6 /* Build configuration list for PBXNativeTarget "Pepper966" */;
			buildPhases = (
				45C64EB91A4977AE000A55A6 /* Sources */,
				45C64EBA1A4977AE000A55A6 /* Frameworks */,
				45C64EBB1A4977AE000A55A6 /* Resources */,
			);
			buildRules = (
			);
			dependencies = (
			);
			name = Pepper966;
			productName = Pepper966;
			productReference = 45C64EBD1A4977AE000A55A6 /* Pepper966.app */;
			productType = "com.apple.product-type.application";
		};
		45C64ED81A4977AF000A55A6 /* Pepper966Tests */ = {
			isa = PBXNativeTarget;
			buildConfigurationList = 45C64EE61A4977AF000A55A6 /* Build configuration list for PBXNativeTarget "Pepper966Tests" */;
			buildPhases = (
				45C64ED51A4977AF000A55A6 /* Sources */,
				45C64ED61A4977AF000A55A6 /* Frameworks */,
				45C64ED71A4977AF000A55A6 /* Resources */,
			);
			buildRules = (
			);
			dependencies = (
				45C64EDB1A4977AF000A55A6 /* PBXTargetDependency */,
			);
			name = Pepper966Tests;
			productName = Pepper966Tests;
			productReference = 45C64ED91A4977AF000A55A6 /* Pepper966Tests.xctest */;
			productType = "com.apple.product-type.bundle.unit-test";
		};
/* End PBXNativeTarget section */

/* Begin PBXProject section */
		45C64EB51A4977AE000A55A6 /* Project object */ = {
			isa = PBXProject;
			attributes = {
				CLASSPREFIX = PPR;
				LastUpgradeCheck = 0610;
				ORGANIZATIONNAME = flowerApps;
				TargetAttributes = {
					45C64EBC1A4977AE000A55A6 = {
						CreatedOnToolsVersion = 6.1.1;
					};
					45C64ED81A4977AF000A55A6 = {
						CreatedOnToolsVersion = 6.1.1;
						TestTargetID = 45C64EBC1A4977AE000A55A6;
					};
				};
			};
			buildConfigurationList = 45C64EB81A4977AE000A55A6 /* Build configuration list for PBXProject "Pepper966" */;
			compatibilityVersion = "Xcode 3.2";
			developmentRegion = English;
			hasScannedForEncodings = 0;
			knownRegions = (
				en,
				Base,
				he,
			);
			mainGroup = 45C64EB41A4977AE000A55A6;
			productRefGroup = 45C64EBE1A4977AE000A55A6 /* Products */;
			projectDirPath = "";
			projectRoot = "";
			targets = (
				45C64EBC1A4977AE000A55A6 /* Pepper966 */,
				45C64ED81A4977AF000A55A6 /* Pepper966Tests */,
			);
		};
/* End PBXProject section */

/* Begin PBXResourcesBuildPhase section */
		45C64EBB1A4977AE000A55A6 /* Resources */ = {
			isa = PBXResourcesBuildPhase;
			buildActionMask = 2147483647;
			files = (
				451C1D4A1A65264E007F75D5 /* Icon.png in Resources */,
				4567149C1A516CB900890C1E /* pauseBtn@2x.png in Resources */,
				45C64F2E1A4A05D8000A55A6 /* profileCV.jpeg in Resources */,
				451C1B521A647D73007F75D5 /* facebook@2x.png in Resources */,
				456714AD1A52BA7600890C1E /* pepperFlowerApps.png in Resources */,
				451C1D461A651F9A007F75D5 /* Icon-Spotlight.png in Resources */,
				456714A81A51966800890C1E /* microphone.png in Resources */,
				451C1B391A63D34E007F75D5 /* liveIcon.png in Resources */,
				45CF6A861A5E9E0700C06015 /* exaaaaa.png in Resources */,
				45CF6A8C1A5EA24C00C06015 /* scheduleBadge.png in Resources */,
				4567149D1A516CB900890C1E /* playBtn.png in Resources */,
				451C1D421A651E63007F75D5 /* Icon-Small.png in Resources */,
				451C1D511A6546A4007F75D5 /* trackhistory.png in Resources */,
				45CF6A7B1A5E922300C06015 /* liveBadge.png in Resources */,
				45C64ECF1A4977AE000A55A6 /* Main.storyboard in Resources */,
				451C1D521A6546A4007F75D5 /* trackhistory@2x.png in Resources */,
				451C1D431A651E63007F75D5 /* Icon-Small@2x.png in Resources */,
				45CF6AAA1A5EF8DC00C06015 /* PPRTrackViewCell.xib in Resources */,
				456714B11A52BD0000890C1E /* pepperFlower.png in Resources */,
				45CF6A7E1A5E952B00C06015 /* tabBarBcgrnd.png in Resources */,
				4567149B1A516CB900890C1E /* pauseBtn.png in Resources */,
				4567149E1A516CB900890C1E /* playBtn@2x.png in Resources */,
				451C1B3A1A63D34E007F75D5 /* liveIcon@2x.png in Resources */,
				45CF6A961A5EAA1500C06015 /* liveAbove.png in Resources */,
				451C1B531A647D73007F75D5 /* twitter@2x.png in Resources */,
				45A0DA4B1A66B165000B45E9 /* PPRFavoritesViewCell.xib in Resources */,
				45A0DA4D1A66B4D3000B45E9 /* backgroundFavoriteCell.png in Resources */,
				45CF6A821A5E993E00C06015 /* selectedTab.png in Resources */,
				451C1D471A651F9A007F75D5 /* Icon-Spotlight@2x.png in Resources */,
				45CF6A881A5E9F8700C06015 /* backgroundTab.png in Resources */,
				45CF6A7C1A5E922300C06015 /* liveBadge@2x.png in Resources */,
				45C64ED41A4977AF000A55A6 /* LaunchScreen.xib in Resources */,
				456714AF1A52BC8700890C1E /* mainBackgrnd.png in Resources */,
				456714A51A51935E00890C1E /* 966logo.png in Resources */,
				45C64ED11A4977AF000A55A6 /* Images.xcassets in Resources */,
				458DE6A51A55FBB400280C93 /* example2.png in Resources */,
				456714A61A51935E00890C1E /* 966logo@2x.png in Resources */,
				451C1D4B1A65264E007F75D5 /* Icon@2x.png in Resources */,
				451C1B541A647D73007F75D5 /* message@2x.png in Resources */,
				458DE6A41A55FBB400280C93 /* example1.png in Resources */,
				451C1B551A647D73007F75D5 /* like@2x.png in Resources */,
			);
			runOnlyForDeploymentPostprocessing = 0;
		};
		45C64ED71A4977AF000A55A6 /* Resources */ = {
			isa = PBXResourcesBuildPhase;
			buildActionMask = 2147483647;
			files = (
			);
			runOnlyForDeploymentPostprocessing = 0;
		};
/* End PBXResourcesBuildPhase section */

/* Begin PBXSourcesBuildPhase section */
		45C64EB91A4977AE000A55A6 /* Sources */ = {
			isa = PBXSourcesBuildPhase;
			buildActionMask = 2147483647;
			files = (
				45C64F341A4A1096000A55A6 /* TFHppleElement.m in Sources */,
				45C64F211A49AB10000A55A6 /* UIProgressView+AFNetworking.m in Sources */,
				45C64F1F1A49AB10000A55A6 /* UIButton+AFNetworking.m in Sources */,
				456714AB1A519DDF00890C1E /* PPRTrackInfo.m in Sources */,
				45C64F221A49AB10000A55A6 /* UIRefreshControl+AFNetworking.m in Sources */,
				45C64F1E1A49AB10000A55A6 /* UIAlertView+AFNetworking.m in Sources */,
				45A0DA431A66A69D000B45E9 /* FavoritesStore.m in Sources */,
				45C64ECC1A4977AE000A55A6 /* SecondViewController.m in Sources */,
				45C64F171A49AB10000A55A6 /* AFSecurityPolicy.m in Sources */,
				451C1B4A1A642E9D007F75D5 /* SWLongPressGestureRecognizer.m in Sources */,
				45C64EC61A4977AE000A55A6 /* AppDelegate.m in Sources */,
				451C1D4E1A6527BD007F75D5 /* Reachability.m in Sources */,
				45C64F3A1A4A1217000A55A6 /* XPathQuery.m in Sources */,
				45C64F141A49AB10000A55A6 /* AFHTTPRequestOperationManager.m in Sources */,
				45CF6AAD1A5EFDF400C06015 /* PPRTracklistParser.m in Sources */,
				45A0DA4A1A66B165000B45E9 /* PPRFavoritesViewCell.m in Sources */,
				45C64F181A49AB10000A55A6 /* AFURLConnectionOperation.m in Sources */,
				45A0DA461A66B059000B45E9 /* PPRFavoritesTableViewController.m in Sources */,
				45C64F201A49AB10000A55A6 /* UIImageView+AFNetworking.m in Sources */,
				451C1B481A642E9D007F75D5 /* NSMutableArray+SWUtilityButtons.m in Sources */,
				45C64F131A49AB10000A55A6 /* AFHTTPRequestOperation.m in Sources */,
				451C1B3D1A642AB0007F75D5 /* PPRSwipeTableViewCell.m in Sources */,
				45C64F1D1A49AB10000A55A6 /* UIActivityIndicatorView+AFNetworking.m in Sources */,
				45CF6AA91A5EF8DC00C06015 /* PPRTrackViewCell.m in Sources */,
				45A0DA3B1A66A371000B45E9 /* Pepper966.xcdatamodeld in Sources */,
				45C64EC91A4977AE000A55A6 /* PPRLiveViewController.m in Sources */,
				45C64F371A4A1114000A55A6 /* PPRPepperer.m in Sources */,
				45CF6A9D1A5EC39B00C06015 /* PPRMainController.m in Sources */,
				45C64F191A49AB10000A55A6 /* AFURLRequestSerialization.m in Sources */,
				45C64F151A49AB10000A55A6 /* AFHTTPSessionManager.m in Sources */,
				45C64F161A49AB10000A55A6 /* AFNetworkReachabilityManager.m in Sources */,
				45C64F2A1A49FC71000A55A6 /* PPRProducer.m in Sources */,
				45C64F1A1A49AB10000A55A6 /* AFURLResponseSerialization.m in Sources */,
				45C64F311A4A0D57000A55A6 /* TFHpple.m in Sources */,
				45C64F231A49AB10000A55A6 /* UIWebView+AFNetworking.m in Sources */,
				45C64F1B1A49AB10000A55A6 /* AFURLSessionManager.m in Sources */,
				45A0DA3E1A66A403000B45E9 /* Favorites.m in Sources */,
				45C64F1C1A49AB10000A55A6 /* AFNetworkActivityIndicatorManager.m in Sources */,
				45CF6AA41A5EF83000C06015 /* PPRTracklistTableViewController.m in Sources */,
				45C64EC31A4977AE000A55A6 /* main.m in Sources */,
				451C1B4B1A642E9D007F75D5 /* SWUtilityButtonTapGestureRecognizer.m in Sources */,
				451C1B491A642E9D007F75D5 /* SWCellScrollView.m in Sources */,
				451C1B4C1A642E9D007F75D5 /* SWUtilityButtonView.m in Sources */,
			);
			runOnlyForDeploymentPostprocessing = 0;
		};
		45C64ED51A4977AF000A55A6 /* Sources */ = {
			isa = PBXSourcesBuildPhase;
			buildActionMask = 2147483647;
			files = (
				45C64EE01A4977AF000A55A6 /* Pepper966Tests.m in Sources */,
			);
			runOnlyForDeploymentPostprocessing = 0;
		};
/* End PBXSourcesBuildPhase section */

/* Begin PBXTargetDependency section */
		45C64EDB1A4977AF000A55A6 /* PBXTargetDependency */ = {
			isa = PBXTargetDependency;
			target = 45C64EBC1A4977AE000A55A6 /* Pepper966 */;
			targetProxy = 45C64EDA1A4977AF000A55A6 /* PBXContainerItemProxy */;
		};
/* End PBXTargetDependency section */

/* Begin PBXVariantGroup section */
		45C64ECD1A4977AE000A55A6 /* Main.storyboard */ = {
			isa = PBXVariantGroup;
			children = (
				45C64ECE1A4977AE000A55A6 /* Base */,
			);
			name = Main.storyboard;
			sourceTree = "<group>";
		};
		45C64ED21A4977AF000A55A6 /* LaunchScreen.xib */ = {
			isa = PBXVariantGroup;
			children = (
				45C64ED31A4977AF000A55A6 /* Base */,
			);
			name = LaunchScreen.xib;
			sourceTree = "<group>";
		};
/* End PBXVariantGroup section */

/* Begin XCBuildConfiguration section */
		45C64EE11A4977AF000A55A6 /* Debug */ = {
			isa = XCBuildConfiguration;
			buildSettings = {
				ALWAYS_SEARCH_USER_PATHS = NO;
				CLANG_CXX_LANGUAGE_STANDARD = "gnu++0x";
				CLANG_CXX_LIBRARY = "libc++";
				CLANG_ENABLE_MODULES = YES;
				CLANG_ENABLE_OBJC_ARC = YES;
				CLANG_WARN_BOOL_CONVERSION = YES;
				CLANG_WARN_CONSTANT_CONVERSION = YES;
				CLANG_WARN_DIRECT_OBJC_ISA_USAGE = YES_ERROR;
				CLANG_WARN_EMPTY_BODY = YES;
				CLANG_WARN_ENUM_CONVERSION = YES;
				CLANG_WARN_INT_CONVERSION = YES;
				CLANG_WARN_OBJC_ROOT_CLASS = YES_ERROR;
				CLANG_WARN_UNREACHABLE_CODE = YES;
				CLANG_WARN__DUPLICATE_METHOD_MATCH = YES;
				"CODE_SIGN_IDENTITY[sdk=iphoneos*]" = "iPhone Developer";
				COPY_PHASE_STRIP = NO;
				ENABLE_STRICT_OBJC_MSGSEND = YES;
				FRAMEWORK_SEARCH_PATHS = /usr/lib/libxml2.dylib;
				GCC_C_LANGUAGE_STANDARD = gnu99;
				GCC_DYNAMIC_NO_PIC = NO;
				GCC_OPTIMIZATION_LEVEL = 0;
				GCC_PREPROCESSOR_DEFINITIONS = (
					"DEBUG=1",
					"$(inherited)",
				);
				GCC_SYMBOLS_PRIVATE_EXTERN = NO;
				GCC_WARN_64_TO_32_BIT_CONVERSION = YES;
				GCC_WARN_ABOUT_RETURN_TYPE = YES_ERROR;
				GCC_WARN_UNDECLARED_SELECTOR = YES;
				GCC_WARN_UNINITIALIZED_AUTOS = YES_AGGRESSIVE;
				GCC_WARN_UNUSED_FUNCTION = YES;
				GCC_WARN_UNUSED_VARIABLE = YES;
				HEADER_SEARCH_PATHS = (
					"$(inherited)",
					/Applications/Xcode.app/Contents/Developer/Toolchains/XcodeDefault.xctoolchain/usr/include,
					"$(SDKROOT)/usr/include/libxml2",
				);
				IPHONEOS_DEPLOYMENT_TARGET = 8.1;
				MTL_ENABLE_DEBUG_INFO = YES;
				ONLY_ACTIVE_ARCH = YES;
				OTHER_LDFLAGS = "-lxml2";
				SDKROOT = iphoneos;
				TARGETED_DEVICE_FAMILY = "1,2";
				USER_HEADER_SEARCH_PATHS = "$(SDKROOT)/usr/include/libxml2";
			};
			name = Debug;
		};
		45C64EE21A4977AF000A55A6 /* Release */ = {
			isa = XCBuildConfiguration;
			buildSettings = {
				ALWAYS_SEARCH_USER_PATHS = NO;
				CLANG_CXX_LANGUAGE_STANDARD = "gnu++0x";
				CLANG_CXX_LIBRARY = "libc++";
				CLANG_ENABLE_MODULES = YES;
				CLANG_ENABLE_OBJC_ARC = YES;
				CLANG_WARN_BOOL_CONVERSION = YES;
				CLANG_WARN_CONSTANT_CONVERSION = YES;
				CLANG_WARN_DIRECT_OBJC_ISA_USAGE = YES_ERROR;
				CLANG_WARN_EMPTY_BODY = YES;
				CLANG_WARN_ENUM_CONVERSION = YES;
				CLANG_WARN_INT_CONVERSION = YES;
				CLANG_WARN_OBJC_ROOT_CLASS = YES_ERROR;
				CLANG_WARN_UNREACHABLE_CODE = YES;
				CLANG_WARN__DUPLICATE_METHOD_MATCH = YES;
				"CODE_SIGN_IDENTITY[sdk=iphoneos*]" = "iPhone Developer";
				COPY_PHASE_STRIP = YES;
				ENABLE_NS_ASSERTIONS = NO;
				ENABLE_STRICT_OBJC_MSGSEND = YES;
				FRAMEWORK_SEARCH_PATHS = /usr/lib/libxml2.dylib;
				GCC_C_LANGUAGE_STANDARD = gnu99;
				GCC_WARN_64_TO_32_BIT_CONVERSION = YES;
				GCC_WARN_ABOUT_RETURN_TYPE = YES_ERROR;
				GCC_WARN_UNDECLARED_SELECTOR = YES;
				GCC_WARN_UNINITIALIZED_AUTOS = YES_AGGRESSIVE;
				GCC_WARN_UNUSED_FUNCTION = YES;
				GCC_WARN_UNUSED_VARIABLE = YES;
				HEADER_SEARCH_PATHS = (
					"$(inherited)",
					/Applications/Xcode.app/Contents/Developer/Toolchains/XcodeDefault.xctoolchain/usr/include,
					"$(SDKROOT)/usr/include/libxml2",
				);
				IPHONEOS_DEPLOYMENT_TARGET = 8.1;
				MTL_ENABLE_DEBUG_INFO = NO;
				OTHER_LDFLAGS = "-lxml2";
				SDKROOT = iphoneos;
				TARGETED_DEVICE_FAMILY = "1,2";
				USER_HEADER_SEARCH_PATHS = "$(SDKROOT)/usr/include/libxml2";
				VALIDATE_PRODUCT = YES;
			};
			name = Release;
		};
		45C64EE41A4977AF000A55A6 /* Debug */ = {
			isa = XCBuildConfiguration;
			buildSettings = {
				ASSETCATALOG_COMPILER_APPICON_NAME = AppIcon;
				FRAMEWORK_SEARCH_PATHS = (
					"$(inherited)",
					"$(PROJECT_DIR)/FacebookSDK",
					"$(PROJECT_DIR)",
				);
				INFOPLIST_FILE = Pepper966/Info.plist;
				LD_RUNPATH_SEARCH_PATHS = "$(inherited) @executable_path/Frameworks";
				LIBRARY_SEARCH_PATHS = (
					"$(inherited)",
					"$(PROJECT_DIR)",
				);
				PRODUCT_NAME = "$(TARGET_NAME)";
			};
			name = Debug;
		};
		45C64EE51A4977AF000A55A6 /* Release */ = {
			isa = XCBuildConfiguration;
			buildSettings = {
				ASSETCATALOG_COMPILER_APPICON_NAME = AppIcon;
				FRAMEWORK_SEARCH_PATHS = (
					"$(inherited)",
					"$(PROJECT_DIR)/FacebookSDK",
					"$(PROJECT_DIR)",
				);
				INFOPLIST_FILE = Pepper966/Info.plist;
				LD_RUNPATH_SEARCH_PATHS = "$(inherited) @executable_path/Frameworks";
				LIBRARY_SEARCH_PATHS = (
					"$(inherited)",
					"$(PROJECT_DIR)",
				);
				PRODUCT_NAME = "$(TARGET_NAME)";
			};
			name = Release;
		};
		45C64EE71A4977AF000A55A6 /* Debug */ = {
			isa = XCBuildConfiguration;
			buildSettings = {
				BUNDLE_LOADER = "$(TEST_HOST)";
				FRAMEWORK_SEARCH_PATHS = (
					"$(SDKROOT)/Developer/Library/Frameworks",
					"$(inherited)",
				);
				GCC_PREPROCESSOR_DEFINITIONS = (
					"DEBUG=1",
					"$(inherited)",
				);
				INFOPLIST_FILE = Pepper966Tests/Info.plist;
				LD_RUNPATH_SEARCH_PATHS = "$(inherited) @executable_path/Frameworks @loader_path/Frameworks";
				PRODUCT_NAME = "$(TARGET_NAME)";
				TEST_HOST = "$(BUILT_PRODUCTS_DIR)/Pepper966.app/Pepper966";
			};
			name = Debug;
		};
		45C64EE81A4977AF000A55A6 /* Release */ = {
			isa = XCBuildConfiguration;
			buildSettings = {
				BUNDLE_LOADER = "$(TEST_HOST)";
				FRAMEWORK_SEARCH_PATHS = (
					"$(SDKROOT)/Developer/Library/Frameworks",
					"$(inherited)",
				);
				INFOPLIST_FILE = Pepper966Tests/Info.plist;
				LD_RUNPATH_SEARCH_PATHS = "$(inherited) @executable_path/Frameworks @loader_path/Frameworks";
				PRODUCT_NAME = "$(TARGET_NAME)";
				TEST_HOST = "$(BUILT_PRODUCTS_DIR)/Pepper966.app/Pepper966";
			};
			name = Release;
		};
/* End XCBuildConfiguration section */

/* Begin XCConfigurationList section */
		45C64EB81A4977AE000A55A6 /* Build configuration list for PBXProject "Pepper966" */ = {
			isa = XCConfigurationList;
			buildConfigurations = (
				45C64EE11A4977AF000A55A6 /* Debug */,
				45C64EE21A4977AF000A55A6 /* Release */,
			);
			defaultConfigurationIsVisible = 0;
			defaultConfigurationName = Release;
		};
		45C64EE31A4977AF000A55A6 /* Build configuration list for PBXNativeTarget "Pepper966" */ = {
			isa = XCConfigurationList;
			buildConfigurations = (
				45C64EE41A4977AF000A55A6 /* Debug */,
				45C64EE51A4977AF000A55A6 /* Release */,
			);
			defaultConfigurationIsVisible = 0;
			defaultConfigurationName = Release;
		};
		45C64EE61A4977AF000A55A6 /* Build configuration list for PBXNativeTarget "Pepper966Tests" */ = {
			isa = XCConfigurationList;
			buildConfigurations = (
				45C64EE71A4977AF000A55A6 /* Debug */,
				45C64EE81A4977AF000A55A6 /* Release */,
			);
			defaultConfigurationIsVisible = 0;
			defaultConfigurationName = Release;
		};
/* End XCConfigurationList section */

/* Begin XCVersionGroup section */
		45A0DA391A66A371000B45E9 /* Pepper966.xcdatamodeld */ = {
			isa = XCVersionGroup;
			children = (
				45A0DA3A1A66A371000B45E9 /* Pepper966.xcdatamodel */,
			);
			currentVersion = 45A0DA3A1A66A371000B45E9 /* Pepper966.xcdatamodel */;
			path = Pepper966.xcdatamodeld;
			sourceTree = "<group>";
			versionGroupType = wrapper.xcdatamodel;
		};
/* End XCVersionGroup section */
	};
	rootObject = 45C64EB51A4977AE000A55A6 /* Project object */;
}
